
Microsoft Visual Studio Solution File, Format Version 12.00
# Visual Studio Version 17
VisualStudioVersion = 17.8.34330.188
MinimumVisualStudioVersion = 10.0.40219.1
Project("{2150E333-8FDC-42A3-9474-1A3956D46DE8}") = "Services", "Services", "{F9D8A098-F871-460D-8405-B80D9F85B1FE}"
EndProject
Project("{2150E333-8FDC-42A3-9474-1A3956D46DE8}") = "Catalog", "Catalog", "{239C724F-BE23-4107-A673-B37CA9E13C69}"
EndProject
Project("{9A19103F-16F7-4668-BE54-9A1E7A4F7556}") = "MultiShop.Catalog", "Services\Catalog\MultiShop.Catalog\MultiShop.Catalog.csproj", "{BAAE37D8-CE9B-41F9-87C2-B734604BF213}"
EndProject
Project("{2150E333-8FDC-42A3-9474-1A3956D46DE8}") = "Discount", "Discount", "{2CC6123D-F19C-434E-A4E8-7213DF14CF0E}"
EndProject
Project("{9A19103F-16F7-4668-BE54-9A1E7A4F7556}") = "MultiShop.Discount", "Services\Discount\MultiShop.Discount\MultiShop.Discount.csproj", "{F4F0F31C-19AA-4A7A-AACF-3E1BAB441AFD}"
EndProject
Project("{2150E333-8FDC-42A3-9474-1A3956D46DE8}") = "Order", "Order", "{3B852195-EAF6-495C-94B8-CD42F74D19E8}"
EndProject
Project("{2150E333-8FDC-42A3-9474-1A3956D46DE8}") = "Core", "Core", "{832C9E08-44E8-4CE6-944B-91D3926F9081}"
EndProject
Project("{2150E333-8FDC-42A3-9474-1A3956D46DE8}") = "Infrastructure", "Infrastructure", "{A32B7ADD-3C7D-43C0-B086-1C635AC07174}"
EndProject
Project("{2150E333-8FDC-42A3-9474-1A3956D46DE8}") = "Presentation", "Presentation", "{8A12A270-8897-487C-8E61-AC3A253ACAAB}"
EndProject
Project("{9A19103F-16F7-4668-BE54-9A1E7A4F7556}") = "MultiShop.Order.Domain", "Services\Order\Core\MultiShop.Order.Domain\MultiShop.Order.Domain.csproj", "{C00EF3C0-4189-4A29-8CC0-44DBC64CC4DB}"
EndProject
Project("{9A19103F-16F7-4668-BE54-9A1E7A4F7556}") = "MultiShop.Order.Application", "Services\Order\Core\MultiShop.Order.Application\MultiShop.Order.Application.csproj", "{F18E4262-5735-4C5A-B96A-885C79B95CBC}"
EndProject
Project("{9A19103F-16F7-4668-BE54-9A1E7A4F7556}") = "MultiShop.Order.Persistence", "Services\Order\Infrastructure\MultiShop.Order.Persistence\MultiShop.Order.Persistence.csproj", "{49A8ADA1-A575-44BE-809E-FA657970AFDF}"
EndProject
Project("{9A19103F-16F7-4668-BE54-9A1E7A4F7556}") = "MultiShop.Order.WebApi", "Services\Order\Presentation\MultiShop.Order.WebApi\MultiShop.Order.WebApi.csproj", "{37B72C66-879F-433E-AF17-4C23E8E825EE}"
EndProject
Project("{2150E333-8FDC-42A3-9474-1A3956D46DE8}") = "IdentityServer", "IdentityServer", "{58CEF443-D55A-4C18-902E-7F5CF0A753D2}"
EndProject
Project("{9A19103F-16F7-4668-BE54-9A1E7A4F7556}") = "MultiShop.IdentityServer", "IdentityServer\MultiShop.IdentityServer\MultiShop.IdentityServer.csproj", "{889C7DED-E3C1-4DA9-9D02-127AAE925373}"
EndProject
Project("{2150E333-8FDC-42A3-9474-1A3956D46DE8}") = "Requirements", "Requirements", "{D73F817B-EE16-44DC-8D7A-D26126CA9865}"
	ProjectSection(SolutionItems) = preProject
		PortainerCmd.txt = PortainerCmd.txt
		PortNumbers.txt = PortNumbers.txt
		TextFile1.txt = TextFile1.txt
	EndProjectSection
EndProject
Project("{2150E333-8FDC-42A3-9474-1A3956D46DE8}") = "Cargo", "Cargo", "{C0FC017B-2105-4BD3-B671-2F00B253336D}"
EndProject
Project("{9A19103F-16F7-4668-BE54-9A1E7A4F7556}") = "MultiShop.Cargo.EntityLayer", "Services\Cargo\MultiShop.Cargo.EntityLayer\MultiShop.Cargo.EntityLayer.csproj", "{6637006E-1592-432F-AB12-7836B532C05C}"
EndProject
Project("{9A19103F-16F7-4668-BE54-9A1E7A4F7556}") = "MultiShop.Cargo.BusinessLayer", "Services\Cargo\MultiShop.Cargo.BusinessLayer\MultiShop.Cargo.BusinessLayer.csproj", "{7BB9BEEE-8711-45CA-84FB-90230B09706C}"
EndProject
Project("{9A19103F-16F7-4668-BE54-9A1E7A4F7556}") = "MultiShop.Cargo.DataAccessLayer", "Services\Cargo\MultiShop.Cargo.DataAccessLayer\MultiShop.Cargo.DataAccessLayer.csproj", "{2C329458-F959-4D74-9860-9A0A90EC043E}"
EndProject
Project("{9A19103F-16F7-4668-BE54-9A1E7A4F7556}") = "MultiShop.Cargo.DtoLayer", "Services\Cargo\MultiShop.Cargo.DtoLayer\MultiShop.Cargo.DtoLayer.csproj", "{9AB99697-C784-408E-91C5-D753ADF6A3AC}"
EndProject
Project("{9A19103F-16F7-4668-BE54-9A1E7A4F7556}") = "MultiShop.Cargo.WebAPI", "Services\Cargo\MultiShop.Cargo.WebAPI\MultiShop.Cargo.WebAPI.csproj", "{231D63F3-7BC7-4378-9916-1249F6FC0125}"
EndProject
Project("{2150E333-8FDC-42A3-9474-1A3956D46DE8}") = "Basket", "Basket", "{0D8131A0-8ECB-4228-909E-0DB592865462}"
EndProject
Project("{9A19103F-16F7-4668-BE54-9A1E7A4F7556}") = "MultiShop.Basket", "Services\Basket\MultiShop.Basket\MultiShop.Basket.csproj", "{3831AEDC-3799-4CCC-8B6C-9D0D82452C81}"
EndProject
Project("{2150E333-8FDC-42A3-9474-1A3956D46DE8}") = "Frontends", "Frontends", "{B573455C-2821-44AB-9DFD-461BF994E94A}"
EndProject
Project("{9A19103F-16F7-4668-BE54-9A1E7A4F7556}") = "MultiShot.WebUI", "Frontends\MultiShot.WebUI\MultiShot.WebUI.csproj", "{C33753AD-37BE-4A92-BBD2-6207DFCD4D50}"
EndProject
Project("{9A19103F-16F7-4668-BE54-9A1E7A4F7556}") = "MultiShop.DtoLayer", "Frontends\MultiShop.DtoLayer\MultiShop.DtoLayer.csproj", "{B66E2E68-AF1A-413E-9378-027128BD36B8}"
EndProject
Global
	GlobalSection(SolutionConfigurationPlatforms) = preSolution
		Debug|Any CPU = Debug|Any CPU
		Release|Any CPU = Release|Any CPU
	EndGlobalSection
	GlobalSection(ProjectConfigurationPlatforms) = postSolution
		{BAAE37D8-CE9B-41F9-87C2-B734604BF213}.Debug|Any CPU.ActiveCfg = Debug|Any CPU
		{BAAE37D8-CE9B-41F9-87C2-B734604BF213}.Debug|Any CPU.Build.0 = Debug|Any CPU
		{BAAE37D8-CE9B-41F9-87C2-B734604BF213}.Release|Any CPU.ActiveCfg = Release|Any CPU
		{BAAE37D8-CE9B-41F9-87C2-B734604BF213}.Release|Any CPU.Build.0 = Release|Any CPU
		{F4F0F31C-19AA-4A7A-AACF-3E1BAB441AFD}.Debug|Any CPU.ActiveCfg = Debug|Any CPU
		{F4F0F31C-19AA-4A7A-AACF-3E1BAB441AFD}.Debug|Any CPU.Build.0 = Debug|Any CPU
		{F4F0F31C-19AA-4A7A-AACF-3E1BAB441AFD}.Release|Any CPU.ActiveCfg = Release|Any CPU
		{F4F0F31C-19AA-4A7A-AACF-3E1BAB441AFD}.Release|Any CPU.Build.0 = Release|Any CPU
		{C00EF3C0-4189-4A29-8CC0-44DBC64CC4DB}.Debug|Any CPU.ActiveCfg = Debug|Any CPU
		{C00EF3C0-4189-4A29-8CC0-44DBC64CC4DB}.Debug|Any CPU.Build.0 = Debug|Any CPU
		{C00EF3C0-4189-4A29-8CC0-44DBC64CC4DB}.Release|Any CPU.ActiveCfg = Release|Any CPU
		{C00EF3C0-4189-4A29-8CC0-44DBC64CC4DB}.Release|Any CPU.Build.0 = Release|Any CPU
		{F18E4262-5735-4C5A-B96A-885C79B95CBC}.Debug|Any CPU.ActiveCfg = Debug|Any CPU
		{F18E4262-5735-4C5A-B96A-885C79B95CBC}.Debug|Any CPU.Build.0 = Debug|Any CPU
		{F18E4262-5735-4C5A-B96A-885C79B95CBC}.Release|Any CPU.ActiveCfg = Release|Any CPU
		{F18E4262-5735-4C5A-B96A-885C79B95CBC}.Release|Any CPU.Build.0 = Release|Any CPU
		{49A8ADA1-A575-44BE-809E-FA657970AFDF}.Debug|Any CPU.ActiveCfg = Debug|Any CPU
		{49A8ADA1-A575-44BE-809E-FA657970AFDF}.Debug|Any CPU.Build.0 = Debug|Any CPU
		{49A8ADA1-A575-44BE-809E-FA657970AFDF}.Release|Any CPU.ActiveCfg = Release|Any CPU
		{49A8ADA1-A575-44BE-809E-FA657970AFDF}.Release|Any CPU.Build.0 = Release|Any CPU
		{37B72C66-879F-433E-AF17-4C23E8E825EE}.Debug|Any CPU.ActiveCfg = Debug|Any CPU
		{37B72C66-879F-433E-AF17-4C23E8E825EE}.Debug|Any CPU.Build.0 = Debug|Any CPU
		{37B72C66-879F-433E-AF17-4C23E8E825EE}.Release|Any CPU.ActiveCfg = Release|Any CPU
		{37B72C66-879F-433E-AF17-4C23E8E825EE}.Release|Any CPU.Build.0 = Release|Any CPU
		{889C7DED-E3C1-4DA9-9D02-127AAE925373}.Debug|Any CPU.ActiveCfg = Debug|Any CPU
		{889C7DED-E3C1-4DA9-9D02-127AAE925373}.Debug|Any CPU.Build.0 = Debug|Any CPU
		{889C7DED-E3C1-4DA9-9D02-127AAE925373}.Release|Any CPU.ActiveCfg = Release|Any CPU
		{889C7DED-E3C1-4DA9-9D02-127AAE925373}.Release|Any CPU.Build.0 = Release|Any CPU
		{6637006E-1592-432F-AB12-7836B532C05C}.Debug|Any CPU.ActiveCfg = Debug|Any CPU
		{6637006E-1592-432F-AB12-7836B532C05C}.Debug|Any CPU.Build.0 = Debug|Any CPU
		{6637006E-1592-432F-AB12-7836B532C05C}.Release|Any CPU.ActiveCfg = Release|Any CPU
		{6637006E-1592-432F-AB12-7836B532C05C}.Release|Any CPU.Build.0 = Release|Any CPU
		{7BB9BEEE-8711-45CA-84FB-90230B09706C}.Debug|Any CPU.ActiveCfg = Debug|Any CPU
		{7BB9BEEE-8711-45CA-84FB-90230B09706C}.Debug|Any CPU.Build.0 = Debug|Any CPU
		{7BB9BEEE-8711-45CA-84FB-90230B09706C}.Release|Any CPU.ActiveCfg = Release|Any CPU
		{7BB9BEEE-8711-45CA-84FB-90230B09706C}.Release|Any CPU.Build.0 = Release|Any CPU
		{2C329458-F959-4D74-9860-9A0A90EC043E}.Debug|Any CPU.ActiveCfg = Debug|Any CPU
		{2C329458-F959-4D74-9860-9A0A90EC043E}.Debug|Any CPU.Build.0 = Debug|Any CPU
		{2C329458-F959-4D74-9860-9A0A90EC043E}.Release|Any CPU.ActiveCfg = Release|Any CPU
		{2C329458-F959-4D74-9860-9A0A90EC043E}.Release|Any CPU.Build.0 = Release|Any CPU
		{9AB99697-C784-408E-91C5-D753ADF6A3AC}.Debug|Any CPU.ActiveCfg = Debug|Any CPU
		{9AB99697-C784-408E-91C5-D753ADF6A3AC}.Debug|Any CPU.Build.0 = Debug|Any CPU
		{9AB99697-C784-408E-91C5-D753ADF6A3AC}.Release|Any CPU.ActiveCfg = Release|Any CPU
		{9AB99697-C784-408E-91C5-D753ADF6A3AC}.Release|Any CPU.Build.0 = Release|Any CPU
		{231D63F3-7BC7-4378-9916-1249F6FC0125}.Debug|Any CPU.ActiveCfg = Debug|Any CPU
		{231D63F3-7BC7-4378-9916-1249F6FC0125}.Debug|Any CPU.Build.0 = Debug|Any CPU
		{231D63F3-7BC7-4378-9916-1249F6FC0125}.Release|Any CPU.ActiveCfg = Release|Any CPU
		{231D63F3-7BC7-4378-9916-1249F6FC0125}.Release|Any CPU.Build.0 = Release|Any CPU
		{3831AEDC-3799-4CCC-8B6C-9D0D82452C81}.Debug|Any CPU.ActiveCfg = Debug|Any CPU
		{3831AEDC-3799-4CCC-8B6C-9D0D82452C81}.Debug|Any CPU.Build.0 = Debug|Any CPU
		{3831AEDC-3799-4CCC-8B6C-9D0D82452C81}.Release|Any CPU.ActiveCfg = Release|Any CPU
		{3831AEDC-3799-4CCC-8B6C-9D0D82452C81}.Release|Any CPU.Build.0 = Release|Any CPU
		{C33753AD-37BE-4A92-BBD2-6207DFCD4D50}.Debug|Any CPU.ActiveCfg = Debug|Any CPU
		{C33753AD-37BE-4A92-BBD2-6207DFCD4D50}.Debug|Any CPU.Build.0 = Debug|Any CPU
		{C33753AD-37BE-4A92-BBD2-6207DFCD4D50}.Release|Any CPU.ActiveCfg = Release|Any CPU
		{C33753AD-37BE-4A92-BBD2-6207DFCD4D50}.Release|Any CPU.Build.0 = Release|Any CPU
		{B66E2E68-AF1A-413E-9378-027128BD36B8}.Debug|Any CPU.ActiveCfg = Debug|Any CPU
		{B66E2E68-AF1A-413E-9378-027128BD36B8}.Debug|Any CPU.Build.0 = Debug|Any CPU
		{B66E2E68-AF1A-413E-9378-027128BD36B8}.Release|Any CPU.ActiveCfg = Release|Any CPU
		{B66E2E68-AF1A-413E-9378-027128BD36B8}.Release|Any CPU.Build.0 = Release|Any CPU
	EndGlobalSection
	GlobalSection(SolutionProperties) = preSolution
		HideSolutionNode = FALSE
	EndGlobalSection
	GlobalSection(NestedProjects) = preSolution
		{239C724F-BE23-4107-A673-B37CA9E13C69} = {F9D8A098-F871-460D-8405-B80D9F85B1FE}
		{BAAE37D8-CE9B-41F9-87C2-B734604BF213} = {239C724F-BE23-4107-A673-B37CA9E13C69}
		{2CC6123D-F19C-434E-A4E8-7213DF14CF0E} = {F9D8A098-F871-460D-8405-B80D9F85B1FE}
		{F4F0F31C-19AA-4A7A-AACF-3E1BAB441AFD} = {2CC6123D-F19C-434E-A4E8-7213DF14CF0E}
		{3B852195-EAF6-495C-94B8-CD42F74D19E8} = {F9D8A098-F871-460D-8405-B80D9F85B1FE}
		{832C9E08-44E8-4CE6-944B-91D3926F9081} = {3B852195-EAF6-495C-94B8-CD42F74D19E8}
		{A32B7ADD-3C7D-43C0-B086-1C635AC07174} = {3B852195-EAF6-495C-94B8-CD42F74D19E8}
		{8A12A270-8897-487C-8E61-AC3A253ACAAB} = {3B852195-EAF6-495C-94B8-CD42F74D19E8}
		{C00EF3C0-4189-4A29-8CC0-44DBC64CC4DB} = {832C9E08-44E8-4CE6-944B-91D3926F9081}
		{F18E4262-5735-4C5A-B96A-885C79B95CBC} = {832C9E08-44E8-4CE6-944B-91D3926F9081}
		{49A8ADA1-A575-44BE-809E-FA657970AFDF} = {A32B7ADD-3C7D-43C0-B086-1C635AC07174}
		{37B72C66-879F-433E-AF17-4C23E8E825EE} = {8A12A270-8897-487C-8E61-AC3A253ACAAB}
		{889C7DED-E3C1-4DA9-9D02-127AAE925373} = {58CEF443-D55A-4C18-902E-7F5CF0A753D2}
		{C0FC017B-2105-4BD3-B671-2F00B253336D} = {F9D8A098-F871-460D-8405-B80D9F85B1FE}
		{6637006E-1592-432F-AB12-7836B532C05C} = {C0FC017B-2105-4BD3-B671-2F00B253336D}
		{7BB9BEEE-8711-45CA-84FB-90230B09706C} = {C0FC017B-2105-4BD3-B671-2F00B253336D}
		{2C329458-F959-4D74-9860-9A0A90EC043E} = {C0FC017B-2105-4BD3-B671-2F00B253336D}
		{9AB99697-C784-408E-91C5-D753ADF6A3AC} = {C0FC017B-2105-4BD3-B671-2F00B253336D}
		{231D63F3-7BC7-4378-9916-1249F6FC0125} = {C0FC017B-2105-4BD3-B671-2F00B253336D}
		{0D8131A0-8ECB-4228-909E-0DB592865462} = {F9D8A098-F871-460D-8405-B80D9F85B1FE}
		{3831AEDC-3799-4CCC-8B6C-9D0D82452C81} = {0D8131A0-8ECB-4228-909E-0DB592865462}
		{C33753AD-37BE-4A92-BBD2-6207DFCD4D50} = {B573455C-2821-44AB-9DFD-461BF994E94A}
		{B66E2E68-AF1A-413E-9378-027128BD36B8} = {B573455C-2821-44AB-9DFD-461BF994E94A}
	EndGlobalSection
	GlobalSection(ExtensibilityGlobals) = postSolution
		SolutionGuid = {AB1BF4AE-C7F5-42D6-8CD1-73A6864EE33F}
	EndGlobalSection
EndGlobal
